
Microsoft Visual Studio Solution File, Format Version 12.00
# Visual Studio Version 17
VisualStudioVersion = 17.13.35825.156
MinimumVisualStudioVersion = 10.0.40219.1
Project("{FAE04EC0-301F-11D3-BF4B-00C04F79EFBC}") = "VerticalSliceTemplate", "VerticalSliceTemplate\VerticalSliceTemplate.csproj", "{B63D2562-6C65-48CD-BB0A-B5B1C8B7EC9A}"
EndProject
Project("{FAE04EC0-301F-11D3-BF4B-00C04F79EFBC}") = "VerticalSliceTemplate.Tests", "VerticalSliceTemplate.Tests\VerticalSliceTemplate.Tests.csproj", "{2BA3B21D-C0BD-461B-8F0C-D2C488F6D1E3}"
EndProject
Global
	GlobalSection(SolutionConfigurationPlatforms) = preSolution
		Debug|Any CPU = Debug|Any CPU
		Release|Any CPU = Release|Any CPU
	EndGlobalSection
	GlobalSection(ProjectConfigurationPlatforms) = postSolution
		{B63D2562-6C65-48CD-BB0A-B5B1C8B7EC9A}.Debug|Any CPU.ActiveCfg = Debug|Any CPU
		{B63D2562-6C65-48CD-BB0A-B5B1C8B7EC9A}.Debug|Any CPU.Build.0 = Debug|Any CPU
		{B63D2562-6C65-48CD-BB0A-B5B1C8B7EC9A}.Release|Any CPU.ActiveCfg = Release|Any CPU
		{B63D2562-6C65-48CD-BB0A-B5B1C8B7EC9A}.Release|Any CPU.Build.0 = Release|Any CPU
		{2BA3B21D-C0BD-461B-8F0C-D2C488F6D1E3}.Debug|Any CPU.ActiveCfg = Debug|Any CPU
		{2BA3B21D-C0BD-461B-8F0C-D2C488F6D1E3}.Debug|Any CPU.Build.0 = Debug|Any CPU
		{2BA3B21D-C0BD-461B-8F0C-D2C488F6D1E3}.Release|Any CPU.ActiveCfg = Release|Any CPU
		{2BA3B21D-C0BD-461B-8F0C-D2C488F6D1E3}.Release|Any CPU.Build.0 = Release|Any CPU
	EndGlobalSection
	GlobalSection(SolutionProperties) = preSolution
		HideSolutionNode = FALSE
	EndGlobalSection
	GlobalSection(ExtensibilityGlobals) = postSolution
		SolutionGuid = {300BE65B-B83D-4CEC-9ABF-59AECD61B172}
	EndGlobalSection
EndGlobal
